
Microsoft Visual Studio Solution File, Format Version 12.00
# Visual Studio 15
VisualStudioVersion = 15.0.27004.2009
MinimumVisualStudioVersion = 10.0.40219.1
Project("{FAE04EC0-301F-11D3-BF4B-00C04F79EFBC}") = "Engine", "Engine\Engine.csproj", "{E850447F-EF13-408D-A3FB-A20FA259DBEC}"
EndProject
Project("{FAE04EC0-301F-11D3-BF4B-00C04F79EFBC}") = "Engine.Test", "Engine.Test\Engine.Test.csproj", "{CE11693A-9563-4C16-8CD5-2FB401A868C7}"
EndProject
Project("{FAE04EC0-301F-11D3-BF4B-00C04F79EFBC}") = "AI", "AI\AI.csproj", "{6292019E-4B15-4EA9-BE98-BB94E52C987E}"
EndProject
Project("{FAE04EC0-301F-11D3-BF4B-00C04F79EFBC}") = "Rules", "Rules\Rules.csproj", "{6CCF4898-80EA-4A50-BA13-C3BA42F96B07}"
EndProject
Project("{FAE04EC0-301F-11D3-BF4B-00C04F79EFBC}") = "Rules.Test", "Rules.Test\Rules.Test.csproj", "{AAF1CBC2-BEC8-473C-AF78-A651D4899425}"
EndProject
Global
	GlobalSection(SolutionConfigurationPlatforms) = preSolution
		Debug|Any CPU = Debug|Any CPU
		Release|Any CPU = Release|Any CPU
	EndGlobalSection
	GlobalSection(ProjectConfigurationPlatforms) = postSolution
		{E850447F-EF13-408D-A3FB-A20FA259DBEC}.Debug|Any CPU.ActiveCfg = Debug|Any CPU
		{E850447F-EF13-408D-A3FB-A20FA259DBEC}.Debug|Any CPU.Build.0 = Debug|Any CPU
		{E850447F-EF13-408D-A3FB-A20FA259DBEC}.Release|Any CPU.ActiveCfg = Release|Any CPU
		{E850447F-EF13-408D-A3FB-A20FA259DBEC}.Release|Any CPU.Build.0 = Release|Any CPU
		{CE11693A-9563-4C16-8CD5-2FB401A868C7}.Debug|Any CPU.ActiveCfg = Debug|Any CPU
		{CE11693A-9563-4C16-8CD5-2FB401A868C7}.Debug|Any CPU.Build.0 = Debug|Any CPU
		{CE11693A-9563-4C16-8CD5-2FB401A868C7}.Release|Any CPU.ActiveCfg = Release|Any CPU
		{CE11693A-9563-4C16-8CD5-2FB401A868C7}.Release|Any CPU.Build.0 = Release|Any CPU
		{6292019E-4B15-4EA9-BE98-BB94E52C987E}.Debug|Any CPU.ActiveCfg = Debug|Any CPU
		{6292019E-4B15-4EA9-BE98-BB94E52C987E}.Debug|Any CPU.Build.0 = Debug|Any CPU
		{6292019E-4B15-4EA9-BE98-BB94E52C987E}.Release|Any CPU.ActiveCfg = Release|Any CPU
		{6292019E-4B15-4EA9-BE98-BB94E52C987E}.Release|Any CPU.Build.0 = Release|Any CPU
		{6CCF4898-80EA-4A50-BA13-C3BA42F96B07}.Debug|Any CPU.ActiveCfg = Debug|Any CPU
		{6CCF4898-80EA-4A50-BA13-C3BA42F96B07}.Debug|Any CPU.Build.0 = Debug|Any CPU
		{6CCF4898-80EA-4A50-BA13-C3BA42F96B07}.Release|Any CPU.ActiveCfg = Release|Any CPU
		{6CCF4898-80EA-4A50-BA13-C3BA42F96B07}.Release|Any CPU.Build.0 = Release|Any CPU
		{AAF1CBC2-BEC8-473C-AF78-A651D4899425}.Debug|Any CPU.ActiveCfg = Debug|Any CPU
		{AAF1CBC2-BEC8-473C-AF78-A651D4899425}.Debug|Any CPU.Build.0 = Debug|Any CPU
		{AAF1CBC2-BEC8-473C-AF78-A651D4899425}.Release|Any CPU.ActiveCfg = Release|Any CPU
		{AAF1CBC2-BEC8-473C-AF78-A651D4899425}.Release|Any CPU.Build.0 = Release|Any CPU
	EndGlobalSection
	GlobalSection(SolutionProperties) = preSolution
		HideSolutionNode = FALSE
	EndGlobalSection
	GlobalSection(ExtensibilityGlobals) = postSolution
		SolutionGuid = {44F9CC94-A3B7-4F6E-89F2-127782E57111}
	EndGlobalSection
EndGlobal
